Microsoft Visual Studio Solution File, Format Version 12.00
# Visual Studio Version 17
VisualStudioVersion = 17.14.36301.6
MinimumVisualStudioVersion = 10.0.40219.1
Project("{FAE04EC0-301F-11D3-BF4B-00C04F79EFBC}") = "Runic.CIL.Patcher", "src\Runic.CIL.Patcher.csproj", "{E8C65FAA-9E74-4E92-AF1E-3A9F866C886B}"
EndProject
Project("{2150E333-8FDC-42A3-9474-1A3956D46DE8}") = "Build", "Build", "{02EA681E-C7D8-13C7-8484-4AC65E1B71E8}"
EndProject
Project("{2150E333-8FDC-42A3-9474-1A3956D46DE8}") = "Net48", "Net48", "{E375E13B-9291-47F0-884A-3D84DA073A60}"
EndProject
Project("{2150E333-8FDC-42A3-9474-1A3956D46DE8}") = "Net6", "Net6", "{B4788F6A-EFCD-4FD8-AE4F-B61A42CFDD6F}"
EndProject
Project("{2150E333-8FDC-42A3-9474-1A3956D46DE8}") = "Net8", "Net8", "{05F834C3-F641-41E8-8D95-9A24548C38A2}"
EndProject
Project("{FAE04EC0-301F-11D3-BF4B-00C04F79EFBC}") = "Runic.CIL.Patcher.Net48", "build\net48\Runic.CIL.Patcher.Net48.csproj", "{290D54F2-C5C7-42BA-9509-A16106721041}"
EndProject
Project("{FAE04EC0-301F-11D3-BF4B-00C04F79EFBC}") = "Runic.CIL.Patcher.Net8", "build\net8\Runic.CIL.Patcher.Net8.csproj", "{B97563E9-8EE6-44DF-85B2-3AE4990B874D}"
EndProject
Project("{FAE04EC0-301F-11D3-BF4B-00C04F79EFBC}") = "Runic.CIL.Patcher.Net6", "build\net6\Runic.CIL.Patcher.Net6.csproj", "{E6A70C64-01A0-4D6C-92E1-B415C97D56A7}"
EndProject
Project("{2150E333-8FDC-42A3-9474-1A3956D46DE8}") = "Nuget", "Nuget", "{0AA18D71-2C6A-446A-96F8-D9335DBF32BA}"
EndProject
Project("{FAE04EC0-301F-11D3-BF4B-00C04F79EFBC}") = "Runic.CIL.Patcher.Nuget", "build\nuget\Runic.CIL.Patcher.Nuget.csproj", "{56FA4F11-86EF-43B1-8279-FC778826B5B4}"
	ProjectSection(ProjectDependencies) = postProject
		{290D54F2-C5C7-42BA-9509-A16106721041} = {290D54F2-C5C7-42BA-9509-A16106721041}
		{E6A70C64-01A0-4D6C-92E1-B415C97D56A7} = {E6A70C64-01A0-4D6C-92E1-B415C97D56A7}
		{B97563E9-8EE6-44DF-85B2-3AE4990B874D} = {B97563E9-8EE6-44DF-85B2-3AE4990B874D}
	EndProjectSection
EndProject
Global
	GlobalSection(SolutionConfigurationPlatforms) = preSolution
		Debug|Any CPU = Debug|Any CPU
		Release|Any CPU = Release|Any CPU
	EndGlobalSection
	GlobalSection(ProjectConfigurationPlatforms) = postSolution
		{E8C65FAA-9E74-4E92-AF1E-3A9F866C886B}.Debug|Any CPU.ActiveCfg = Debug|Any CPU
		{E8C65FAA-9E74-4E92-AF1E-3A9F866C886B}.Debug|Any CPU.Build.0 = Debug|Any CPU
		{E8C65FAA-9E74-4E92-AF1E-3A9F866C886B}.Release|Any CPU.ActiveCfg = Release|Any CPU
		{E8C65FAA-9E74-4E92-AF1E-3A9F866C886B}.Release|Any CPU.Build.0 = Release|Any CPU
		{290D54F2-C5C7-42BA-9509-A16106721041}.Debug|Any CPU.ActiveCfg = Debug|Any CPU
		{290D54F2-C5C7-42BA-9509-A16106721041}.Debug|Any CPU.Build.0 = Debug|Any CPU
		{290D54F2-C5C7-42BA-9509-A16106721041}.Release|Any CPU.ActiveCfg = Release|Any CPU
		{290D54F2-C5C7-42BA-9509-A16106721041}.Release|Any CPU.Build.0 = Release|Any CPU
		{B97563E9-8EE6-44DF-85B2-3AE4990B874D}.Debug|Any CPU.ActiveCfg = Debug|Any CPU
		{B97563E9-8EE6-44DF-85B2-3AE4990B874D}.Debug|Any CPU.Build.0 = Debug|Any CPU
		{B97563E9-8EE6-44DF-85B2-3AE4990B874D}.Release|Any CPU.ActiveCfg = Release|Any CPU
		{B97563E9-8EE6-44DF-85B2-3AE4990B874D}.Release|Any CPU.Build.0 = Release|Any CPU
		{E6A70C64-01A0-4D6C-92E1-B415C97D56A7}.Debug|Any CPU.ActiveCfg = Debug|Any CPU
		{E6A70C64-01A0-4D6C-92E1-B415C97D56A7}.Debug|Any CPU.Build.0 = Debug|Any CPU
		{E6A70C64-01A0-4D6C-92E1-B415C97D56A7}.Release|Any CPU.ActiveCfg = Release|Any CPU
		{E6A70C64-01A0-4D6C-92E1-B415C97D56A7}.Release|Any CPU.Build.0 = Release|Any CPU
		{56FA4F11-86EF-43B1-8279-FC778826B5B4}.Debug|Any CPU.ActiveCfg = Debug|Any CPU
		{56FA4F11-86EF-43B1-8279-FC778826B5B4}.Debug|Any CPU.Build.0 = Debug|Any CPU
		{56FA4F11-86EF-43B1-8279-FC778826B5B4}.Release|Any CPU.ActiveCfg = Release|Any CPU
		{56FA4F11-86EF-43B1-8279-FC778826B5B4}.Release|Any CPU.Build.0 = Release|Any CPU
	EndGlobalSection
	GlobalSection(SolutionProperties) = preSolution
		HideSolutionNode = FALSE
	EndGlobalSection
	GlobalSection(NestedProjects) = preSolution
		{E375E13B-9291-47F0-884A-3D84DA073A60} = {02EA681E-C7D8-13C7-8484-4AC65E1B71E8}
		{B4788F6A-EFCD-4FD8-AE4F-B61A42CFDD6F} = {02EA681E-C7D8-13C7-8484-4AC65E1B71E8}
		{05F834C3-F641-41E8-8D95-9A24548C38A2} = {02EA681E-C7D8-13C7-8484-4AC65E1B71E8}
		{290D54F2-C5C7-42BA-9509-A16106721041} = {E375E13B-9291-47F0-884A-3D84DA073A60}
		{B97563E9-8EE6-44DF-85B2-3AE4990B874D} = {05F834C3-F641-41E8-8D95-9A24548C38A2}
		{E6A70C64-01A0-4D6C-92E1-B415C97D56A7} = {B4788F6A-EFCD-4FD8-AE4F-B61A42CFDD6F}
		{0AA18D71-2C6A-446A-96F8-D9335DBF32BA} = {02EA681E-C7D8-13C7-8484-4AC65E1B71E8}
		{56FA4F11-86EF-43B1-8279-FC778826B5B4} = {0AA18D71-2C6A-446A-96F8-D9335DBF32BA}
	EndGlobalSection
	GlobalSection(ExtensibilityGlobals) = postSolution
		SolutionGuid = {330E4302-A9AA-42A8-8811-E37356B21BD2}
	EndGlobalSection
EndGlobal
